
Microsoft Visual Studio Solution File, Format Version 12.00
# Visual Studio Version 17
VisualStudioVersion = 17.11.35327.3
MinimumVisualStudioVersion = 10.0.40219.1
Project("{8BC9CEB8-8B4A-11D0-8D11-00A0C91BC942}") = "ConsoleApplication1", "ConsoleApplication1\ConsoleApplication1.vcxproj", "{BDF22E3B-A610-4CC8-8055-8576C9DDD329}"
EndProject
Global
	GlobalSection(SolutionConfigurationPlatforms) = preSolution
		Debug|x64 = Debug|x64
		Debug|x86 = Debug|x86
		Release|x64 = Release|x64
		Release|x86 = Release|x86
	EndGlobalSection
	GlobalSection(ProjectConfigurationPlatforms) = postSolution
		{BDF22E3B-A610-4CC8-8055-8576C9DDD329}.Debug|x64.ActiveCfg = Debug|x64
		{BDF22E3B-A610-4CC8-8055-8576C9DDD329}.Debug|x64.Build.0 = Debug|x64
		{BDF22E3B-A610-4CC8-8055-8576C9DDD329}.Debug|x86.ActiveCfg = Debug|Win32
		{BDF22E3B-A610-4CC8-8055-8576C9DDD329}.Debug|x86.Build.0 = Debug|Win32
		{BDF22E3B-A610-4CC8-8055-8576C9DDD329}.Release|x64.ActiveCfg = Release|x64
		{BDF22E3B-A610-4CC8-8055-8576C9DDD329}.Release|x64.Build.0 = Release|x64
		{BDF22E3B-A610-4CC8-8055-8576C9DDD329}.Release|x86.ActiveCfg = Release|Win32
		{BDF22E3B-A610-4CC8-8055-8576C9DDD329}.Release|x86.Build.0 = Release|Win32
	EndGlobalSection
	GlobalSection(SolutionProperties) = preSolution
		HideSolutionNode = FALSE
	EndGlobalSection
	GlobalSection(ExtensibilityGlobals) = postSolution
		SolutionGuid = {33A79FD5-752F-4BE1-8502-78FA4E45D4EE}
	EndGlobalSection
EndGlobal
